
Microsoft Visual Studio Solution File, Format Version 12.00
# Visual Studio 15
Project("{FAE04EC0-301F-11D3-BF4B-00C04F79EFBC}") = "Assembly-CSharp", "Assembly-CSharp.csproj", "{002AFDD2-9F1E-0531-BC07-9D848033D755}"
EndProject
Project("{FAE04EC0-301F-11D3-BF4B-00C04F79EFBC}") = "Assembly-CSharp-Editor", "Assembly-CSharp-Editor.csproj", "{E0D7A8F1-5A07-E74C-610B-FC49C19F2355}"
EndProject
Global
	GlobalSection(SolutionConfigurationPlatforms) = preSolution
		Debug|Any CPU = Debug|Any CPU
		Release|Any CPU = Release|Any CPU
	EndGlobalSection
	GlobalSection(ProjectConfigurationPlatforms) = postSolution
		{002AFDD2-9F1E-0531-BC07-9D848033D755}.Debug|Any CPU.ActiveCfg = Debug|Any CPU
		{002AFDD2-9F1E-0531-BC07-9D848033D755}.Debug|Any CPU.Build.0 = Debug|Any CPU
		{002AFDD2-9F1E-0531-BC07-9D848033D755}.Release|Any CPU.ActiveCfg = Release|Any CPU
		{002AFDD2-9F1E-0531-BC07-9D848033D755}.Release|Any CPU.Build.0 = Release|Any CPU
		{E0D7A8F1-5A07-E74C-610B-FC49C19F2355}.Debug|Any CPU.ActiveCfg = Debug|Any CPU
		{E0D7A8F1-5A07-E74C-610B-FC49C19F2355}.Debug|Any CPU.Build.0 = Debug|Any CPU
		{E0D7A8F1-5A07-E74C-610B-FC49C19F2355}.Release|Any CPU.ActiveCfg = Release|Any CPU
		{E0D7A8F1-5A07-E74C-610B-FC49C19F2355}.Release|Any CPU.Build.0 = Release|Any CPU
	EndGlobalSection
	GlobalSection(SolutionProperties) = preSolution
		HideSolutionNode = FALSE
	EndGlobalSection
EndGlobal
